
Microsoft Visual Studio Solution File, Format Version 12.00
# Visual Studio Version 17
VisualStudioVersion = 17.5.33530.505
MinimumVisualStudioVersion = 10.0.40219.1
Project("{9A19103F-16F7-4668-BE54-9A1E7A4F7556}") = "Conversiones", "Conversiones\Conversiones.csproj", "{C6BB6190-5FCB-4E88-8531-B4899E52C625}"
EndProject
Project("{FAE04EC0-301F-11D3-BF4B-00C04F79EFBC}") = "xD", "xD\xD.csproj", "{0438CA40-3BF5-4E84-8742-7B598BD3C05D}"
EndProject
Global
	GlobalSection(SolutionConfigurationPlatforms) = preSolution
		Debug|Any CPU = Debug|Any CPU
		Release|Any CPU = Release|Any CPU
	EndGlobalSection
	GlobalSection(ProjectConfigurationPlatforms) = postSolution
		{C6BB6190-5FCB-4E88-8531-B4899E52C625}.Debug|Any CPU.ActiveCfg = Debug|Any CPU
		{C6BB6190-5FCB-4E88-8531-B4899E52C625}.Debug|Any CPU.Build.0 = Debug|Any CPU
		{C6BB6190-5FCB-4E88-8531-B4899E52C625}.Release|Any CPU.ActiveCfg = Release|Any CPU
		{C6BB6190-5FCB-4E88-8531-B4899E52C625}.Release|Any CPU.Build.0 = Release|Any CPU
		{0438CA40-3BF5-4E84-8742-7B598BD3C05D}.Debug|Any CPU.ActiveCfg = Debug|Any CPU
		{0438CA40-3BF5-4E84-8742-7B598BD3C05D}.Debug|Any CPU.Build.0 = Debug|Any CPU
		{0438CA40-3BF5-4E84-8742-7B598BD3C05D}.Release|Any CPU.ActiveCfg = Release|Any CPU
		{0438CA40-3BF5-4E84-8742-7B598BD3C05D}.Release|Any CPU.Build.0 = Release|Any CPU
	EndGlobalSection
	GlobalSection(SolutionProperties) = preSolution
		HideSolutionNode = FALSE
	EndGlobalSection
	GlobalSection(ExtensibilityGlobals) = postSolution
		SolutionGuid = {E4AB3EF1-9C74-4A4B-97CC-F1D03C6EB3B2}
	EndGlobalSection
EndGlobal
